
Microsoft Visual Studio Solution File, Format Version 12.00
# Visual Studio 15
VisualStudioVersion = 15.0.27130.2027
MinimumVisualStudioVersion = 10.0.40219.1
Project("{F184B08F-C81C-45F6-A57F-5ABD9991F28F}") = "SoftwareSales", "SoftwareSales\SoftwareSales.vbproj", "{82BF2E43-4C62-4F94-AF46-168F6AB160FA}"
EndProject
Global
	GlobalSection(SolutionConfigurationPlatforms) = preSolution
		Debug|Any CPU = Debug|Any CPU
		Release|Any CPU = Release|Any CPU
	EndGlobalSection
	GlobalSection(ProjectConfigurationPlatforms) = postSolution
		{82BF2E43-4C62-4F94-AF46-168F6AB160FA}.Debug|Any CPU.ActiveCfg = Debug|Any CPU
		{82BF2E43-4C62-4F94-AF46-168F6AB160FA}.Debug|Any CPU.Build.0 = Debug|Any CPU
		{82BF2E43-4C62-4F94-AF46-168F6AB160FA}.Release|Any CPU.ActiveCfg = Release|Any CPU
		{82BF2E43-4C62-4F94-AF46-168F6AB160FA}.Release|Any CPU.Build.0 = Release|Any CPU
	EndGlobalSection
	GlobalSection(SolutionProperties) = preSolution
		HideSolutionNode = FALSE
	EndGlobalSection
	GlobalSection(ExtensibilityGlobals) = postSolution
		SolutionGuid = {C4992809-54A8-4FCF-9077-56335EEA92CC}
	EndGlobalSection
EndGlobal
