
Microsoft Visual Studio Solution File, Format Version 12.00
# Visual Studio 15
VisualStudioVersion = 15.0.27130.2027
MinimumVisualStudioVersion = 10.0.40219.1
Project("{F184B08F-C81C-45F6-A57F-5ABD9991F28F}") = "Theater Revenue", "Theater Revenue\Theater Revenue.vbproj", "{7CD3C64B-15FF-4226-8A94-FD7FC194F28E}"
EndProject
Global
	GlobalSection(SolutionConfigurationPlatforms) = preSolution
		Debug|Any CPU = Debug|Any CPU
		Release|Any CPU = Release|Any CPU
	EndGlobalSection
	GlobalSection(ProjectConfigurationPlatforms) = postSolution
		{7CD3C64B-15FF-4226-8A94-FD7FC194F28E}.Debug|Any CPU.ActiveCfg = Debug|Any CPU
		{7CD3C64B-15FF-4226-8A94-FD7FC194F28E}.Debug|Any CPU.Build.0 = Debug|Any CPU
		{7CD3C64B-15FF-4226-8A94-FD7FC194F28E}.Release|Any CPU.ActiveCfg = Release|Any CPU
		{7CD3C64B-15FF-4226-8A94-FD7FC194F28E}.Release|Any CPU.Build.0 = Release|Any CPU
	EndGlobalSection
	GlobalSection(SolutionProperties) = preSolution
		HideSolutionNode = FALSE
	EndGlobalSection
	GlobalSection(ExtensibilityGlobals) = postSolution
		SolutionGuid = {6C66617C-8E06-4A31-8A6D-CEB9B28C94F7}
	EndGlobalSection
EndGlobal
