
Microsoft Visual Studio Solution File, Format Version 12.00
# Visual Studio 15
VisualStudioVersion = 15.0.27428.2002
MinimumVisualStudioVersion = 10.0.40219.1
Project("{F184B08F-C81C-45F6-A57F-5ABD9991F28F}") = "EmployeeDataPart1_Zac-Bolick", "EmployeeDataPart1_Zac-Bolick\EmployeeDataPart1_Zac-Bolick.vbproj", "{C03380EC-B6B5-4655-A8B4-DA582B368AAE}"
EndProject
Global
	GlobalSection(SolutionConfigurationPlatforms) = preSolution
		Debug|Any CPU = Debug|Any CPU
		Release|Any CPU = Release|Any CPU
	EndGlobalSection
	GlobalSection(ProjectConfigurationPlatforms) = postSolution
		{C03380EC-B6B5-4655-A8B4-DA582B368AAE}.Debug|Any CPU.ActiveCfg = Debug|Any CPU
		{C03380EC-B6B5-4655-A8B4-DA582B368AAE}.Debug|Any CPU.Build.0 = Debug|Any CPU
		{C03380EC-B6B5-4655-A8B4-DA582B368AAE}.Release|Any CPU.ActiveCfg = Release|Any CPU
		{C03380EC-B6B5-4655-A8B4-DA582B368AAE}.Release|Any CPU.Build.0 = Release|Any CPU
	EndGlobalSection
	GlobalSection(SolutionProperties) = preSolution
		HideSolutionNode = FALSE
	EndGlobalSection
	GlobalSection(ExtensibilityGlobals) = postSolution
		SolutionGuid = {2909AC83-4135-4D6E-A69D-6D84F17927CB}
	EndGlobalSection
EndGlobal
